{
  "requires": true,
  "lockfileVersion": 1,
  "dependencies": {
    "monaco-editor": {
      "version": "0.21.1",
      "resolved": "https://registry.npmjs.org/monaco-editor/-/monaco-editor-0.21.1.tgz",
      "integrity": "sha512-6zBIh9tE8dkV/wvdssE6Rwqlt1RaLmBH27iCuQlDJdcWQukgoXiy7Fc+oH9cmtdnU5IojjOn/xLfnW0qJLoDYg=="
    }
  }
}
